
Microsoft Visual Studio Solution File, Format Version 12.00
# Visual Studio 15
Project("{FAE04EC0-301F-11D3-BF4B-00C04F79EFBC}") = "PhotonUnityNetworking.Utilities", "PhotonUnityNetworking.Utilities.csproj", "{67174855-3625-C7DC-4620-70A093CCA95D}"
EndProject
Project("{FAE04EC0-301F-11D3-BF4B-00C04F79EFBC}") = "Assembly-CSharp", "Assembly-CSharp.csproj", "{2623050B-42FA-E6C8-AA2E-502FCA2B0508}"
EndProject
Project("{FAE04EC0-301F-11D3-BF4B-00C04F79EFBC}") = "PhotonUnityNetworking.Demos", "PhotonUnityNetworking.Demos.csproj", "{2011490E-84F0-8222-8F29-398AA41FE1E2}"
EndProject
Project("{FAE04EC0-301F-11D3-BF4B-00C04F79EFBC}") = "PhotonUnityNetworking", "PhotonUnityNetworking.csproj", "{3519B486-E246-3FA0-E961-511BFB6F2B68}"
EndProject
Project("{FAE04EC0-301F-11D3-BF4B-00C04F79EFBC}") = "PhotonChat", "PhotonChat.csproj", "{CA8BFF15-90DE-53EB-1F48-5B6C1207EC38}"
EndProject
Project("{FAE04EC0-301F-11D3-BF4B-00C04F79EFBC}") = "PhotonRealtime", "PhotonRealtime.csproj", "{A89A17AA-6CD6-C44E-12D7-3A6BD3F93736}"
EndProject
Project("{FAE04EC0-301F-11D3-BF4B-00C04F79EFBC}") = "PhotonUnityNetworking.Editor", "PhotonUnityNetworking.Editor.csproj", "{8AB75AD7-36DE-D3A3-7DA9-D8B390E2DD6F}"
EndProject
Project("{FAE04EC0-301F-11D3-BF4B-00C04F79EFBC}") = "Assembly-CSharp-Editor", "Assembly-CSharp-Editor.csproj", "{00487D88-E890-88D9-8FC1-CFA31AE39111}"
EndProject
Project("{FAE04EC0-301F-11D3-BF4B-00C04F79EFBC}") = "PhotonUnityNetworking.Utilities.PhotonPlayer.Editor", "PhotonUnityNetworking.Utilities.PhotonPlayer.Editor.csproj", "{D1CA50A7-711C-6A56-B452-BF0A1ED02971}"
EndProject
Project("{FAE04EC0-301F-11D3-BF4B-00C04F79EFBC}") = "PunDemos.DemoSlotcarEditor", "PunDemos.DemoSlotcarEditor.csproj", "{A94F7CC6-1602-E839-A28A-E8479B797563}"
EndProject
Project("{FAE04EC0-301F-11D3-BF4B-00C04F79EFBC}") = "PhotonUnityNetworking.Utilities.Culling.Editor", "PhotonUnityNetworking.Utilities.Culling.Editor.csproj", "{88D7276A-846E-13E3-350C-F5B8A4C0C464}"
EndProject
Project("{FAE04EC0-301F-11D3-BF4B-00C04F79EFBC}") = "PunDemos.DemoHubEditor", "PunDemos.DemoHubEditor.csproj", "{1500861D-D79A-FF57-7065-BF2A19E81BFB}"
EndProject
Global
	GlobalSection(SolutionConfigurationPlatforms) = preSolution
		Debug|Any CPU = Debug|Any CPU
		Release|Any CPU = Release|Any CPU
	EndGlobalSection
	GlobalSection(ProjectConfigurationPlatforms) = postSolution
		{67174855-3625-C7DC-4620-70A093CCA95D}.Debug|Any CPU.ActiveCfg = Debug|Any CPU
		{67174855-3625-C7DC-4620-70A093CCA95D}.Debug|Any CPU.Build.0 = Debug|Any CPU
		{67174855-3625-C7DC-4620-70A093CCA95D}.Release|Any CPU.ActiveCfg = Release|Any CPU
		{67174855-3625-C7DC-4620-70A093CCA95D}.Release|Any CPU.Build.0 = Release|Any CPU
		{2623050B-42FA-E6C8-AA2E-502FCA2B0508}.Debug|Any CPU.ActiveCfg = Debug|Any CPU
		{2623050B-42FA-E6C8-AA2E-502FCA2B0508}.Debug|Any CPU.Build.0 = Debug|Any CPU
		{2623050B-42FA-E6C8-AA2E-502FCA2B0508}.Release|Any CPU.ActiveCfg = Release|Any CPU
		{2623050B-42FA-E6C8-AA2E-502FCA2B0508}.Release|Any CPU.Build.0 = Release|Any CPU
		{2011490E-84F0-8222-8F29-398AA41FE1E2}.Debug|Any CPU.ActiveCfg = Debug|Any CPU
		{2011490E-84F0-8222-8F29-398AA41FE1E2}.Debug|Any CPU.Build.0 = Debug|Any CPU
		{2011490E-84F0-8222-8F29-398AA41FE1E2}.Release|Any CPU.ActiveCfg = Release|Any CPU
		{2011490E-84F0-8222-8F29-398AA41FE1E2}.Release|Any CPU.Build.0 = Release|Any CPU
		{3519B486-E246-3FA0-E961-511BFB6F2B68}.Debug|Any CPU.ActiveCfg = Debug|Any CPU
		{3519B486-E246-3FA0-E961-511BFB6F2B68}.Debug|Any CPU.Build.0 = Debug|Any CPU
		{3519B486-E246-3FA0-E961-511BFB6F2B68}.Release|Any CPU.ActiveCfg = Release|Any CPU
		{3519B486-E246-3FA0-E961-511BFB6F2B68}.Release|Any CPU.Build.0 = Release|Any CPU
		{CA8BFF15-90DE-53EB-1F48-5B6C1207EC38}.Debug|Any CPU.ActiveCfg = Debug|Any CPU
		{CA8BFF15-90DE-53EB-1F48-5B6C1207EC38}.Debug|Any CPU.Build.0 = Debug|Any CPU
		{CA8BFF15-90DE-53EB-1F48-5B6C1207EC38}.Release|Any CPU.ActiveCfg = Release|Any CPU
		{CA8BFF15-90DE-53EB-1F48-5B6C1207EC38}.Release|Any CPU.Build.0 = Release|Any CPU
		{A89A17AA-6CD6-C44E-12D7-3A6BD3F93736}.Debug|Any CPU.ActiveCfg = Debug|Any CPU
		{A89A17AA-6CD6-C44E-12D7-3A6BD3F93736}.Debug|Any CPU.Build.0 = Debug|Any CPU
		{A89A17AA-6CD6-C44E-12D7-3A6BD3F93736}.Release|Any CPU.ActiveCfg = Release|Any CPU
		{A89A17AA-6CD6-C44E-12D7-3A6BD3F93736}.Release|Any CPU.Build.0 = Release|Any CPU
		{8AB75AD7-36DE-D3A3-7DA9-D8B390E2DD6F}.Debug|Any CPU.ActiveCfg = Debug|Any CPU
		{8AB75AD7-36DE-D3A3-7DA9-D8B390E2DD6F}.Debug|Any CPU.Build.0 = Debug|Any CPU
		{8AB75AD7-36DE-D3A3-7DA9-D8B390E2DD6F}.Release|Any CPU.ActiveCfg = Release|Any CPU
		{8AB75AD7-36DE-D3A3-7DA9-D8B390E2DD6F}.Release|Any CPU.Build.0 = Release|Any CPU
		{00487D88-E890-88D9-8FC1-CFA31AE39111}.Debug|Any CPU.ActiveCfg = Debug|Any CPU
		{00487D88-E890-88D9-8FC1-CFA31AE39111}.Debug|Any CPU.Build.0 = Debug|Any CPU
		{00487D88-E890-88D9-8FC1-CFA31AE39111}.Release|Any CPU.ActiveCfg = Release|Any CPU
		{00487D88-E890-88D9-8FC1-CFA31AE39111}.Release|Any CPU.Build.0 = Release|Any CPU
		{D1CA50A7-711C-6A56-B452-BF0A1ED02971}.Debug|Any CPU.ActiveCfg = Debug|Any CPU
		{D1CA50A7-711C-6A56-B452-BF0A1ED02971}.Debug|Any CPU.Build.0 = Debug|Any CPU
		{D1CA50A7-711C-6A56-B452-BF0A1ED02971}.Release|Any CPU.ActiveCfg = Release|Any CPU
		{D1CA50A7-711C-6A56-B452-BF0A1ED02971}.Release|Any CPU.Build.0 = Release|Any CPU
		{A94F7CC6-1602-E839-A28A-E8479B797563}.Debug|Any CPU.ActiveCfg = Debug|Any CPU
		{A94F7CC6-1602-E839-A28A-E8479B797563}.Debug|Any CPU.Build.0 = Debug|Any CPU
		{A94F7CC6-1602-E839-A28A-E8479B797563}.Release|Any CPU.ActiveCfg = Release|Any CPU
		{A94F7CC6-1602-E839-A28A-E8479B797563}.Release|Any CPU.Build.0 = Release|Any CPU
		{88D7276A-846E-13E3-350C-F5B8A4C0C464}.Debug|Any CPU.ActiveCfg = Debug|Any CPU
		{88D7276A-846E-13E3-350C-F5B8A4C0C464}.Debug|Any CPU.Build.0 = Debug|Any CPU
		{88D7276A-846E-13E3-350C-F5B8A4C0C464}.Release|Any CPU.ActiveCfg = Release|Any CPU
		{88D7276A-846E-13E3-350C-F5B8A4C0C464}.Release|Any CPU.Build.0 = Release|Any CPU
		{1500861D-D79A-FF57-7065-BF2A19E81BFB}.Debug|Any CPU.ActiveCfg = Debug|Any CPU
		{1500861D-D79A-FF57-7065-BF2A19E81BFB}.Debug|Any CPU.Build.0 = Debug|Any CPU
		{1500861D-D79A-FF57-7065-BF2A19E81BFB}.Release|Any CPU.ActiveCfg = Release|Any CPU
		{1500861D-D79A-FF57-7065-BF2A19E81BFB}.Release|Any CPU.Build.0 = Release|Any CPU
	EndGlobalSection
	GlobalSection(SolutionProperties) = preSolution
		HideSolutionNode = FALSE
	EndGlobalSection
EndGlobal
